PODS:
  - Alamofire (5.6.2)
  - FTIndicator (1.2.9):
    - FTIndicator/FTNotificationIndicator (= 1.2.9)
    - FTIndicator/FTProgressIndicator (= 1.2.9)
    - FTIndicator/FTToastIndicator (= 1.2.9)
  - FTIndicator/FTNotificationIndicator (1.2.9)
  - FTIndicator/FTProgressIndicator (1.2.9)
  - FTIndicator/FTToastIndicator (1.2.9)
  - IQKeyboardManagerSwift (6.5.10)
  - NeumorphismTab (0.9.6)
  - SDWebImage (5.13.4):
    - SDWebImage/Core (= 5.13.4)
  - SDWebImage/Core (5.13.4)
  - SVProgressHUD (2.2.5)

DEPENDENCIES:
  - Alamofire
  - FTIndicator
  - IQKeyboardManagerSwift
  - NeumorphismTab
  - SDWebImage
  - SVProgressHUD

SPEC REPOS:
  trunk:
    - Alamofire
    - FTIndicator
    - IQKeyboardManagerSwift
    - NeumorphismTab
    - SDWebImage
    - SVProgressHUD

SPEC CHECKSUMS:
  Alamofire: d368e1ff8a298e6dde360e35a3e68e6c610e7204
  FTIndicator: f7f071fd159e5befa1d040a9ef2e3ab53fa9322c
  IQKeyboardManagerSwift: 52962c76ab33532f15ad9f3ff4e5715eda5335bb
  NeumorphismTab: 4706107161bcee092a0c66093f1ab0221de52220
  SDWebImage: e5cc87bf736e60f49592f307bdf9e157189298a3
  SVProgressHUD: 1428aafac632c1f86f62aa4243ec12008d7a51d6

PODFILE CHECKSUM: 93665fba0b7109794536c2cb21a2d8b6b3cbe3e5

COCOAPODS: 1.11.3
